PODS:
  - TRVSKit (0.0.7)
  - TRVSMonitor (0.0.2)

DEPENDENCIES:
  - TRVSKit (from `../`)
  - TRVSMonitor (= 0.0.2)

EXTERNAL SOURCES:
  TRVSKit:
    :path: ../

SPEC CHECKSUMS:
  TRVSKit: 13c50da3cb561f551badc2f01153347b2c91a377
  TRVSMonitor: c2960f87bb2a1b4d2f3fba17f61c1c5256860bd2

COCOAPODS: 0.32.1
