PODS:
  - TRVSKit (0.0.7)
  - TRVSMonitor (0.0.2)

DEPENDENCIES:
  - TRVSKit (from `../`)
  - TRVSMonitor (= 0.0.2)

EXTERNAL SOURCES:
  TRVSKit:
    :path: ../

SPEC CHECKSUMS:
  TRVSKit: 9135a16bca18f8d1268acad9be15ea6e2c1a16f0
  TRVSMonitor: c2960f87bb2a1b4d2f3fba17f61c1c5256860bd2

COCOAPODS: 0.32.1
