PODS:
  - TRVSKit (0.0.3)
  - TRVSMonitor (0.0.2)

DEPENDENCIES:
  - TRVSKit (from `../`)
  - TRVSMonitor (= 0.0.2)

EXTERNAL SOURCES:
  TRVSKit:
    :local: ../

SPEC CHECKSUMS:
  TRVSKit: 4d27f3d347ac5645b16e1e041cab5af9f94d9f58
  TRVSMonitor: c2960f87bb2a1b4d2f3fba17f61c1c5256860bd2

COCOAPODS: 0.28.0
